PODS:
  - AFKit (0.1.32):
    - DeviceKit
    - Player
    - Realm
    - RealmSwift
    - Sodium
  - DeviceKit (4.7.0)
  - Player (0.14.0)
  - Realm (10.32.1):
    - Realm/Headers (= 10.32.1)
  - Realm/Headers (10.32.1)
  - RealmSwift (10.32.1):
    - Realm (= 10.32.1)
  - Sodium (0.9.1)
  - ZIPFoundation (0.9.15)

DEPENDENCIES:
  - AFKit (from `https://github.com/NomadicWarrior/oomie1.git`)
  - ZIPFoundation

SPEC REPOS:
  https://github.com/CocoaPods/Specs.git:
    - DeviceKit
    - Player
    - Realm
    - RealmSwift
    - Sodium
    - ZIPFoundation

EXTERNAL SOURCES:
  AFKit:
    :git: https://github.com/NomadicWarrior/oomie1.git

CHECKOUT OPTIONS:
  AFKit:
    :commit: 9989dd460442f85fbfd0c91f8f010ef74cf73568
    :git: https://github.com/NomadicWarrior/oomie1.git

SPEC CHECKSUMS:
  AFKit: 0d1691e09c86a0467114b60c039d45fc4ee9214f
  DeviceKit: c870c34f7c0e0ac4caa6f052e6efe7ef1472c5a1
  Player: 37e0acc16ea1495fc241df88fe9f089367513331
  Realm: fd821b81e5479be497cc5bca2e020f707d8323eb
  RealmSwift: 8635e4cc524790916d72b0ffa51c1a91f4ec9668
  Sodium: 23d11554ecd556196d313cf6130d406dfe7ac6da
  ZIPFoundation: 063163dc828bf699c5be160eb4f58f676322d94f

PODFILE CHECKSUM: d7e239b48acc1982cb5f107a754c86b825283830

COCOAPODS: 1.11.3
