{
  "pins" : [
    {
      "identity" : "oggdecoder",
      "kind" : "remoteSourceControl",
      "location" : "https://github.com/arkasas/OggDecoder.git",
      "state" : {
        "branch" : "main",
        "revision" : "fa6eef34d13d0a4b0f4ef4175f31f2807119fdf7"
      }
    },
    {
      "identity" : "oomieonboarding",
      "kind" : "remoteSourceControl",
      "location" : "https://github.com/NomadicWarrior/OomieOnboarding.git",
      "state" : {
        "branch" : "main",
        "revision" : "9734f278989548331d786f68b71095995b6259cd"
      }
    }
  ],
  "version" : 2
}
