{
  "pins" : [
    {
      "identity" : "oggdecoder",
      "kind" : "remoteSourceControl",
      "location" : "https://github.com/arkasas/OggDecoder.git",
      "state" : {
        "branch" : "main",
        "revision" : "65e1465e593d2b0be6ac12256f2866a18d26e211"
      }
    },
    {
      "identity" : "oomieonboarding",
      "kind" : "remoteSourceControl",
      "location" : "https://github.com/NomadicWarrior/OomieOnboarding.git",
      "state" : {
        "branch" : "main",
        "revision" : "cb280971f906b98d0853ebd8d34b4820c41b2493"
      }
    }
  ],
  "version" : 2
}
